
Microsoft Visual Studio Solution File, Format Version 12.00
# Visual Studio Version 17
VisualStudioVersion = 17.14.37027.9 d17.14
MinimumVisualStudioVersion = 10.0.40219.1
Project("{FAE04EC0-301F-11D3-BF4B-00C04F79EFBC}") = "CPF", "CPF.csproj", "{3AE630EB-57E4-4D13-A9E1-D5242CDB8ECD}"
EndProject
Global
	GlobalSection(SolutionConfigurationPlatforms) = preSolution
		Debug|Any CPU = Debug|Any CPU
		Release|Any CPU = Release|Any CPU
	EndGlobalSection
	GlobalSection(ProjectConfigurationPlatforms) = postSolution
		{3AE630EB-57E4-4D13-A9E1-D5242CDB8ECD}.Debug|Any CPU.ActiveCfg = Debug|Any CPU
		{3AE630EB-57E4-4D13-A9E1-D5242CDB8ECD}.Debug|Any CPU.Build.0 = Debug|Any CPU
		{3AE630EB-57E4-4D13-A9E1-D5242CDB8ECD}.Release|Any CPU.ActiveCfg = Release|Any CPU
		{3AE630EB-57E4-4D13-A9E1-D5242CDB8ECD}.Release|Any CPU.Build.0 = Release|Any CPU
	EndGlobalSection
	GlobalSection(SolutionProperties) = preSolution
		HideSolutionNode = FALSE
	EndGlobalSection
	GlobalSection(ExtensibilityGlobals) = postSolution
		SolutionGuid = {A577E75F-B6DA-4773-909B-450C8FDE6CC3}
	EndGlobalSection
EndGlobal
